
Microsoft Visual Studio Solution File, Format Version 12.00
# Visual Studio Version 16
VisualStudioVersion = 16.0.30002.166
MinimumVisualStudioVersion = 10.0.40219.1
Project("{FAE04EC0-301F-11D3-BF4B-00C04F79EFBC}") = "DataLayer", "DataLayer\DataLayer.csproj", "{039D98A7-FB22-4EFF-835E-0A57594EBBD4}"
EndProject
Project("{FAE04EC0-301F-11D3-BF4B-00C04F79EFBC}") = "BusinessLayer", "BusinessLayer\BusinessLayer.csproj", "{967DA3E2-82FB-40ED-8761-FA67DADF5674}"
EndProject
Project("{FAE04EC0-301F-11D3-BF4B-00C04F79EFBC}") = "UI", "UI\UI.csproj", "{EBA1E9D6-C906-4A51-A8E2-CDD306D0714F}"
EndProject
Global
	GlobalSection(SolutionConfigurationPlatforms) = preSolution
		Debug|Any CPU = Debug|Any CPU
		Release|Any CPU = Release|Any CPU
	EndGlobalSection
	GlobalSection(ProjectConfigurationPlatforms) = postSolution
		{039D98A7-FB22-4EFF-835E-0A57594EBBD4}.Debug|Any CPU.ActiveCfg = Debug|Any CPU
		{039D98A7-FB22-4EFF-835E-0A57594EBBD4}.Debug|Any CPU.Build.0 = Debug|Any CPU
		{039D98A7-FB22-4EFF-835E-0A57594EBBD4}.Release|Any CPU.ActiveCfg = Release|Any CPU
		{039D98A7-FB22-4EFF-835E-0A57594EBBD4}.Release|Any CPU.Build.0 = Release|Any CPU
		{967DA3E2-82FB-40ED-8761-FA67DADF5674}.Debug|Any CPU.ActiveCfg = Debug|Any CPU
		{967DA3E2-82FB-40ED-8761-FA67DADF5674}.Debug|Any CPU.Build.0 = Debug|Any CPU
		{967DA3E2-82FB-40ED-8761-FA67DADF5674}.Release|Any CPU.ActiveCfg = Release|Any CPU
		{967DA3E2-82FB-40ED-8761-FA67DADF5674}.Release|Any CPU.Build.0 = Release|Any CPU
		{EBA1E9D6-C906-4A51-A8E2-CDD306D0714F}.Debug|Any CPU.ActiveCfg = Debug|Any CPU
		{EBA1E9D6-C906-4A51-A8E2-CDD306D0714F}.Debug|Any CPU.Build.0 = Debug|Any CPU
		{EBA1E9D6-C906-4A51-A8E2-CDD306D0714F}.Release|Any CPU.ActiveCfg = Release|Any CPU
		{EBA1E9D6-C906-4A51-A8E2-CDD306D0714F}.Release|Any CPU.Build.0 = Release|Any CPU
	EndGlobalSection
	GlobalSection(SolutionProperties) = preSolution
		HideSolutionNode = FALSE
	EndGlobalSection
	GlobalSection(ExtensibilityGlobals) = postSolution
		SolutionGuid = {6A4B51EA-7390-438B-A8C9-F7284A012DDE}
	EndGlobalSection
EndGlobal
